
Microsoft Visual Studio Solution File, Format Version 12.00
# Visual Studio Version 17
VisualStudioVersion = 17.14.36408.4 d17.14
MinimumVisualStudioVersion = 10.0.40219.1
Project("{FAE04EC0-301F-11D3-BF4B-00C04F79EFBC}") = "Tic-Tac-Toe Game", "Tic-Tac-Toe Game.csproj", "{7D5FBCAB-68D2-4446-A302-D0F5D7BF4C84}"
EndProject
Global
	GlobalSection(SolutionConfigurationPlatforms) = preSolution
		Debug|Any CPU = Debug|Any CPU
		Release|Any CPU = Release|Any CPU
	EndGlobalSection
	GlobalSection(ProjectConfigurationPlatforms) = postSolution
		{7D5FBCAB-68D2-4446-A302-D0F5D7BF4C84}.Debug|Any CPU.ActiveCfg = Debug|Any CPU
		{7D5FBCAB-68D2-4446-A302-D0F5D7BF4C84}.Debug|Any CPU.Build.0 = Debug|Any CPU
		{7D5FBCAB-68D2-4446-A302-D0F5D7BF4C84}.Release|Any CPU.ActiveCfg = Release|Any CPU
		{7D5FBCAB-68D2-4446-A302-D0F5D7BF4C84}.Release|Any CPU.Build.0 = Release|Any CPU
	EndGlobalSection
	GlobalSection(SolutionProperties) = preSolution
		HideSolutionNode = FALSE
	EndGlobalSection
	GlobalSection(ExtensibilityGlobals) = postSolution
		SolutionGuid = {6A24A04E-5337-46DC-A136-B925F4C26DC3}
	EndGlobalSection
EndGlobal
